// !$*UTF8*$!
{
	archiveVersion = 1;
	classes = {
	};
	objectVersion = 46;
	objects = {

/* Begin PBXBuildFile section */
		9836A91D163387EC00CFA6BB /* Foundation.framework in Frameworks */ = {isa = PBXBuildFile; fileRef = 9836A91C163387EC00CFA6BB /* Foundation.framework */; };
		9836A922163387EC00CFA6BB /* terse_objective_c_ios.h in CopyFiles */ = {isa = PBXBuildFile; fileRef = 9836A921163387EC00CFA6BB /* terse_objective_c_ios.h */; };
		9836A924163387EC00CFA6BB /* terse_objective_c_ios.m in Sources */ = {isa = PBXBuildFile; fileRef = 9836A923163387EC00CFA6BB /* terse_objective_c_ios.m */; };
		9836A92C163387EC00CFA6BB /* SenTestingKit.framework in Frameworks */ = {isa = PBXBuildFile; fileRef = 9836A92B163387EC00CFA6BB /* SenTestingKit.framework */; };
		9836A92E163387EC00CFA6BB /* UIKit.framework in Frameworks */ = {isa = PBXBuildFile; fileRef = 9836A92D163387EC00CFA6BB /* UIKit.framework */; };
		9836A92F163387EC00CFA6BB /* Foundation.framework in Frameworks */ = {isa = PBXBuildFile; fileRef = 9836A91C163387EC00CFA6BB /* Foundation.framework */; };
		9836A938163387EC00CFA6BB /* InfoPlist.strings in Resources */ = {isa = PBXBuildFile; fileRef = 9836A936163387EC00CFA6BB /* InfoPlist.strings */; };
		9836A93B163387EC00CFA6BB /* terse_objective_c_iosTests.m in Sources */ = {isa = PBXBuildFile; fileRef = 9836A93A163387EC00CFA6BB /* terse_objective_c_iosTests.m */; };
		9836A9E01633A79200CFA6BB /* terse-objective-c-ios.a in Frameworks */ = {isa = PBXBuildFile; fileRef = 9836A919163387EC00CFA6BB /* terse-objective-c-ios.a */; };
		98A9A56116361CBA00468761 /* TerseBoundDictionary.m in Sources */ = {isa = PBXBuildFile; fileRef = 98A9A55C16361CBA00468761 /* TerseBoundDictionary.m */; };
		98A9A56216361CBA00468761 /* TerseBoundUserDefaults.m in Sources */ = {isa = PBXBuildFile; fileRef = 98A9A55E16361CBA00468761 /* TerseBoundUserDefaults.m */; };
		98A9A56316361CBA00468761 /* TerseDynamicMethodResolver.m in Sources */ = {isa = PBXBuildFile; fileRef = 98A9A56016361CBA00468761 /* TerseDynamicMethodResolver.m */; };
		98CC7A161634BC360027FFBB /* UIView+terse_ios.m in Sources */ = {isa = PBXBuildFile; fileRef = 98CC7A151634BC360027FFBB /* UIView+terse_ios.m */; };
		98CC7A1D1634C5FA0027FFBB /* UIToolbar+terse_ios.m in Sources */ = {isa = PBXBuildFile; fileRef = 98CC7A1C1634C5FA0027FFBB /* UIToolbar+terse_ios.m */; };
		98CC7A271634CE460027FFBB /* UIBarButtonItem+terse_ios.m in Sources */ = {isa = PBXBuildFile; fileRef = 98CC7A261634CE460027FFBB /* UIBarButtonItem+terse_ios.m */; };
		98CC7A2A1634CF8A0027FFBB /* UIDevice+terse_ios.m in Sources */ = {isa = PBXBuildFile; fileRef = 98CC7A291634CF8A0027FFBB /* UIDevice+terse_ios.m */; };
/* End PBXBuildFile section */

/* Begin PBXContainerItemProxy section */
		9836A930163387EC00CFA6BB /* PBXContainerItemProxy */ = {
			isa = PBXContainerItemProxy;
			containerPortal = 9836A910163387EC00CFA6BB /* Project object */;
			proxyType = 1;
			remoteGlobalIDString = 9836A918163387EC00CFA6BB;
			remoteInfo = "terse-objective-c-ios";
		};
/* End PBXContainerItemProxy section */

/* Begin PBXCopyFilesBuildPhase section */
		9836A917163387EC00CFA6BB /* CopyFiles */ = {
			isa = PBXCopyFilesBuildPhase;
			buildActionMask = 2147483647;
			dstPath = "include/${PRODUCT_NAME}";
			dstSubfolderSpec = 16;
			files = (
				9836A922163387EC00CFA6BB /* terse_objective_c_ios.h in CopyFiles */,
			);
			runOnlyForDeploymentPostprocessing = 0;
		};
/* End PBXCopyFilesBuildPhase section */

/* Begin PBXFileReference section */
		9836A919163387EC00CFA6BB /* terse-objective-c-ios.a */ = {isa = PBXFileReference; explicitFileType = archive.ar; includeInIndex = 0; path = "terse-objective-c-ios.a"; sourceTree = BUILT_PRODUCTS_DIR; };
		9836A91C163387EC00CFA6BB /* Foundation.framework */ = {isa = PBXFileReference; lastKnownFileType = wrapper.framework; name = Foundation.framework; path = System/Library/Frameworks/Foundation.framework; sourceTree = SDKROOT; };
		9836A920163387EC00CFA6BB /* terse-objective-c-ios-Prefix.pch */ = {isa = PBXFileReference; lastKnownFileType = sourcecode.c.h; path = "terse-objective-c-ios-Prefix.pch"; sourceTree = "<group>"; };
		9836A921163387EC00CFA6BB /* terse_objective_c_ios.h */ = {isa = PBXFileReference; lastKnownFileType = sourcecode.c.h; path = terse_objective_c_ios.h; sourceTree = "<group>"; };
		9836A923163387EC00CFA6BB /* terse_objective_c_ios.m */ = {isa = PBXFileReference; lastKnownFileType = sourcecode.c.objc; path = terse_objective_c_ios.m; sourceTree = "<group>"; };
		9836A92A163387EC00CFA6BB /* terse-objective-c-iosTests.octest */ = {isa = PBXFileReference; explicitFileType = wrapper.cfbundle; includeInIndex = 0; path = "terse-objective-c-iosTests.octest"; sourceTree = BUILT_PRODUCTS_DIR; };
		9836A92B163387EC00CFA6BB /* SenTestingKit.framework */ = {isa = PBXFileReference; lastKnownFileType = wrapper.framework; name = SenTestingKit.framework; path = Library/Frameworks/SenTestingKit.framework; sourceTree = DEVELOPER_DIR; };
		9836A92D163387EC00CFA6BB /* UIKit.framework */ = {isa = PBXFileReference; lastKnownFileType = wrapper.framework; name = UIKit.framework; path = Library/Frameworks/UIKit.framework; sourceTree = DEVELOPER_DIR; };
		9836A935163387EC00CFA6BB /* terse-objective-c-iosTests-Info.plist */ = {isa = PBXFileReference; lastKnownFileType = text.plist.xml; path = "terse-objective-c-iosTests-Info.plist"; sourceTree = "<group>"; };
		9836A937163387EC00CFA6BB /* en */ = {isa = PBXFileReference; lastKnownFileType = text.plist.strings; name = en; path = en.lproj/InfoPlist.strings; sourceTree = "<group>"; };
		9836A93A163387EC00CFA6BB /* terse_objective_c_iosTests.m */ = {isa = PBXFileReference; lastKnownFileType = sourcecode.c.objc; path = terse_objective_c_iosTests.m; sourceTree = "<group>"; };
		98A9A55B16361CBA00468761 /* TerseBoundDictionary.h */ = {isa = PBXFileReference; fileEncoding = 4; lastKnownFileType = sourcecode.c.h; path = TerseBoundDictionary.h; sourceTree = "<group>"; };
		98A9A55C16361CBA00468761 /* TerseBoundDictionary.m */ = {isa = PBXFileReference; fileEncoding = 4; lastKnownFileType = sourcecode.c.objc; path = TerseBoundDictionary.m; sourceTree = "<group>"; };
		98A9A55D16361CBA00468761 /* TerseBoundUserDefaults.h */ = {isa = PBXFileReference; fileEncoding = 4; lastKnownFileType = sourcecode.c.h; path = TerseBoundUserDefaults.h; sourceTree = "<group>"; };
		98A9A55E16361CBA00468761 /* TerseBoundUserDefaults.m */ = {isa = PBXFileReference; fileEncoding = 4; lastKnownFileType = sourcecode.c.objc; path = TerseBoundUserDefaults.m; sourceTree = "<group>"; };
		98A9A55F16361CBA00468761 /* TerseDynamicMethodResolver.h */ = {isa = PBXFileReference; fileEncoding = 4; lastKnownFileType = sourcecode.c.h; path = TerseDynamicMethodResolver.h; sourceTree = "<group>"; };
		98A9A56016361CBA00468761 /* TerseDynamicMethodResolver.m */ = {isa = PBXFileReference; fileEncoding = 4; lastKnownFileType = sourcecode.c.objc; path = TerseDynamicMethodResolver.m; sourceTree = "<group>"; };
		98CC7A141634BC360027FFBB /* UIView+terse_ios.h */ = {isa = PBXFileReference; fileEncoding = 4; lastKnownFileType = sourcecode.c.h; name = "UIView+terse_ios.h"; path = "Categories/UIView+terse_ios.h"; sourceTree = "<group>"; };
		98CC7A151634BC360027FFBB /* UIView+terse_ios.m */ = {isa = PBXFileReference; fileEncoding = 4; lastKnownFileType = sourcecode.c.objc; name = "UIView+terse_ios.m"; path = "Categories/UIView+terse_ios.m"; sourceTree = "<group>"; };
		98CC7A1B1634C5FA0027FFBB /* UIToolbar+terse_ios.h */ = {isa = PBXFileReference; fileEncoding = 4; lastKnownFileType = sourcecode.c.h; name = "UIToolbar+terse_ios.h"; path = "Categories/UIToolbar+terse_ios.h"; sourceTree = "<group>"; };
		98CC7A1C1634C5FA0027FFBB /* UIToolbar+terse_ios.m */ = {isa = PBXFileReference; fileEncoding = 4; lastKnownFileType = sourcecode.c.objc; name = "UIToolbar+terse_ios.m"; path = "Categories/UIToolbar+terse_ios.m"; sourceTree = "<group>"; };
		98CC7A251634CE460027FFBB /* UIBarButtonItem+terse_ios.h */ = {isa = PBXFileReference; fileEncoding = 4; lastKnownFileType = sourcecode.c.h; name = "UIBarButtonItem+terse_ios.h"; path = "Categories/UIBarButtonItem+terse_ios.h"; sourceTree = "<group>"; };
		98CC7A261634CE460027FFBB /* UIBarButtonItem+terse_ios.m */ = {isa = PBXFileReference; fileEncoding = 4; lastKnownFileType = sourcecode.c.objc; name = "UIBarButtonItem+terse_ios.m"; path = "Categories/UIBarButtonItem+terse_ios.m"; sourceTree = "<group>"; };
		98CC7A281634CF890027FFBB /* UIDevice+terse_ios.h */ = {isa = PBXFileReference; fileEncoding = 4; lastKnownFileType = sourcecode.c.h; name = "UIDevice+terse_ios.h"; path = "Categories/UIDevice+terse_ios.h"; sourceTree = "<group>"; };
		98CC7A291634CF8A0027FFBB /* UIDevice+terse_ios.m */ = {isa = PBXFileReference; fileEncoding = 4; lastKnownFileType = sourcecode.c.objc; name = "UIDevice+terse_ios.m"; path = "Categories/UIDevice+terse_ios.m"; sourceTree = "<group>"; };
/* End PBXFileReference section */

/* Begin PBXFrameworksBuildPhase section */
		9836A916163387EC00CFA6BB /* Frameworks */ = {
			isa = PBXFrameworksBuildPhase;
			buildActionMask = 2147483647;
			files = (
				9836A91D163387EC00CFA6BB /* Foundation.framework in Frameworks */,
			);
			runOnlyForDeploymentPostprocessing = 0;
		};
		9836A926163387EC00CFA6BB /* Frameworks */ = {
			isa = PBXFrameworksBuildPhase;
			buildActionMask = 2147483647;
			files = (
				9836A9E01633A79200CFA6BB /* terse-objective-c-ios.a in Frameworks */,
				9836A92C163387EC00CFA6BB /* SenTestingKit.framework in Frameworks */,
				9836A92E163387EC00CFA6BB /* UIKit.framework in Frameworks */,
				9836A92F163387EC00CFA6BB /* Foundation.framework in Frameworks */,
			);
			runOnlyForDeploymentPostprocessing = 0;
		};
/* End PBXFrameworksBuildPhase section */

/* Begin PBXGroup section */
		9836A90E163387EC00CFA6BB = {
			isa = PBXGroup;
			children = (
				9836A91E163387EC00CFA6BB /* terse-objective-c-ios */,
				9836A933163387EC00CFA6BB /* terse-objective-c-iosTests */,
				9836A91B163387EC00CFA6BB /* Frameworks */,
				9836A91A163387EC00CFA6BB /* Products */,
			);
			sourceTree = "<group>";
		};
		9836A91A163387EC00CFA6BB /* Products */ = {
			isa = PBXGroup;
			children = (
				9836A919163387EC00CFA6BB /* terse-objective-c-ios.a */,
				9836A92A163387EC00CFA6BB /* terse-objective-c-iosTests.octest */,
			);
			name = Products;
			sourceTree = "<group>";
		};
		9836A91B163387EC00CFA6BB /* Frameworks */ = {
			isa = PBXGroup;
			children = (
				9836A91C163387EC00CFA6BB /* Foundation.framework */,
				9836A92B163387EC00CFA6BB /* SenTestingKit.framework */,
				9836A92D163387EC00CFA6BB /* UIKit.framework */,
			);
			name = Frameworks;
			sourceTree = "<group>";
		};
		9836A91E163387EC00CFA6BB /* terse-objective-c-ios */ = {
			isa = PBXGroup;
			children = (
				98A9A55A16361CBA00468761 /* Classes */,
				9836A9D816339FDB00CFA6BB /* Categories */,
				9836A921163387EC00CFA6BB /* terse_objective_c_ios.h */,
				9836A923163387EC00CFA6BB /* terse_objective_c_ios.m */,
				9836A91F163387EC00CFA6BB /* Supporting Files */,
			);
			path = "terse-objective-c-ios";
			sourceTree = "<group>";
		};
		9836A91F163387EC00CFA6BB /* Supporting Files */ = {
			isa = PBXGroup;
			children = (
				9836A920163387EC00CFA6BB /* terse-objective-c-ios-Prefix.pch */,
			);
			name = "Supporting Files";
			sourceTree = "<group>";
		};
		9836A933163387EC00CFA6BB /* terse-objective-c-iosTests */ = {
			isa = PBXGroup;
			children = (
				9836A93A163387EC00CFA6BB /* terse_objective_c_iosTests.m */,
				9836A934163387EC00CFA6BB /* Supporting Files */,
			);
			path = "terse-objective-c-iosTests";
			sourceTree = "<group>";
		};
		9836A934163387EC00CFA6BB /* Supporting Files */ = {
			isa = PBXGroup;
			children = (
				9836A935163387EC00CFA6BB /* terse-objective-c-iosTests-Info.plist */,
				9836A936163387EC00CFA6BB /* InfoPlist.strings */,
			);
			name = "Supporting Files";
			sourceTree = "<group>";
		};
		9836A9D816339FDB00CFA6BB /* Categories */ = {
			isa = PBXGroup;
			children = (
				98CC7A1B1634C5FA0027FFBB /* UIToolbar+terse_ios.h */,
				98CC7A1C1634C5FA0027FFBB /* UIToolbar+terse_ios.m */,
				98CC7A141634BC360027FFBB /* UIView+terse_ios.h */,
				98CC7A151634BC360027FFBB /* UIView+terse_ios.m */,
				98CC7A251634CE460027FFBB /* UIBarButtonItem+terse_ios.h */,
				98CC7A261634CE460027FFBB /* UIBarButtonItem+terse_ios.m */,
				98CC7A281634CF890027FFBB /* UIDevice+terse_ios.h */,
				98CC7A291634CF8A0027FFBB /* UIDevice+terse_ios.m */,
			);
			name = Categories;
			sourceTree = "<group>";
		};
		98A9A55A16361CBA00468761 /* Classes */ = {
			isa = PBXGroup;
			children = (
				98A9A55B16361CBA00468761 /* TerseBoundDictionary.h */,
				98A9A55C16361CBA00468761 /* TerseBoundDictionary.m */,
				98A9A55D16361CBA00468761 /* TerseBoundUserDefaults.h */,
				98A9A55E16361CBA00468761 /* TerseBoundUserDefaults.m */,
				98A9A55F16361CBA00468761 /* TerseDynamicMethodResolver.h */,
				98A9A56016361CBA00468761 /* TerseDynamicMethodResolver.m */,
			);
			path = Classes;
			sourceTree = "<group>";
		};
/* End PBXGroup section */

/* Begin PBXNativeTarget section */
		9836A918163387EC00CFA6BB /* terse-objective-c-ios */ = {
			isa = PBXNativeTarget;
			buildConfigurationList = 9836A93E163387EC00CFA6BB /* Build configuration list for PBXNativeTarget "terse-objective-c-ios" */;
			buildPhases = (
				9836A915163387EC00CFA6BB /* Sources */,
				9836A916163387EC00CFA6BB /* Frameworks */,
				9836A917163387EC00CFA6BB /* CopyFiles */,
			);
			buildRules = (
			);
			dependencies = (
			);
			name = "terse-objective-c-ios";
			productName = "terse-objective-c-ios";
			productReference = 9836A919163387EC00CFA6BB /* terse-objective-c-ios.a */;
			productType = "com.apple.product-type.library.static";
		};
		9836A929163387EC00CFA6BB /* terse-objective-c-iosTests */ = {
			isa = PBXNativeTarget;
			buildConfigurationList = 9836A941163387EC00CFA6BB /* Build configuration list for PBXNativeTarget "terse-objective-c-iosTests" */;
			buildPhases = (
				9836A925163387EC00CFA6BB /* Sources */,
				9836A926163387EC00CFA6BB /* Frameworks */,
				9836A927163387EC00CFA6BB /* Resources */,
				9836A928163387EC00CFA6BB /* ShellScript */,
			);
			buildRules = (
			);
			dependencies = (
				9836A931163387EC00CFA6BB /* PBXTargetDependency */,
			);
			name = "terse-objective-c-iosTests";
			productName = "terse-objective-c-iosTests";
			productReference = 9836A92A163387EC00CFA6BB /* terse-objective-c-iosTests.octest */;
			productType = "com.apple.product-type.bundle";
		};
/* End PBXNativeTarget section */

/* Begin PBXProject section */
		9836A910163387EC00CFA6BB /* Project object */ = {
			isa = PBXProject;
			attributes = {
				LastUpgradeCheck = 0450;
				ORGANIZATIONNAME = "Peter DeWeese";
			};
			buildConfigurationList = 9836A913163387EC00CFA6BB /* Build configuration list for PBXProject "terse-objective-c-ios" */;
			compatibilityVersion = "Xcode 3.2";
			developmentRegion = English;
			hasScannedForEncodings = 0;
			knownRegions = (
				en,
			);
			mainGroup = 9836A90E163387EC00CFA6BB;
			productRefGroup = 9836A91A163387EC00CFA6BB /* Products */;
			projectDirPath = "";
			projectRoot = "";
			targets = (
				9836A918163387EC00CFA6BB /* terse-objective-c-ios */,
				9836A929163387EC00CFA6BB /* terse-objective-c-iosTests */,
			);
		};
/* End PBXProject section */

/* Begin PBXResourcesBuildPhase section */
		9836A927163387EC00CFA6BB /* Resources */ = {
			isa = PBXResourcesBuildPhase;
			buildActionMask = 2147483647;
			files = (
				9836A938163387EC00CFA6BB /* InfoPlist.strings in Resources */,
			);
			runOnlyForDeploymentPostprocessing = 0;
		};
/* End PBXResourcesBuildPhase section */

/* Begin PBXShellScriptBuildPhase section */
		9836A928163387EC00CFA6BB /* ShellScript */ = {
			isa = PBXShellScriptBuildPhase;
			buildActionMask = 2147483647;
			files = (
			);
			inputPaths = (
			);
			outputPaths = (
			);
			runOnlyForDeploymentPostprocessing = 0;
			shellPath = /bin/sh;
			shellScript = "# Run the unit tests in this test bundle.\n\"${SYSTEM_DEVELOPER_DIR}/Tools/RunUnitTests\"\n";
		};
/* End PBXShellScriptBuildPhase section */

/* Begin PBXSourcesBuildPhase section */
		9836A915163387EC00CFA6BB /* Sources */ = {
			isa = PBXSourcesBuildPhase;
			buildActionMask = 2147483647;
			files = (
				9836A924163387EC00CFA6BB /* terse_objective_c_ios.m in Sources */,
				98CC7A161634BC360027FFBB /* UIView+terse_ios.m in Sources */,
				98CC7A1D1634C5FA0027FFBB /* UIToolbar+terse_ios.m in Sources */,
				98CC7A271634CE460027FFBB /* UIBarButtonItem+terse_ios.m in Sources */,
				98CC7A2A1634CF8A0027FFBB /* UIDevice+terse_ios.m in Sources */,
				98A9A56116361CBA00468761 /* TerseBoundDictionary.m in Sources */,
				98A9A56216361CBA00468761 /* TerseBoundUserDefaults.m in Sources */,
				98A9A56316361CBA00468761 /* TerseDynamicMethodResolver.m in Sources */,
			);
			runOnlyForDeploymentPostprocessing = 0;
		};
		9836A925163387EC00CFA6BB /* Sources */ = {
			isa = PBXSourcesBuildPhase;
			buildActionMask = 2147483647;
			files = (
				9836A93B163387EC00CFA6BB /* terse_objective_c_iosTests.m in Sources */,
			);
			runOnlyForDeploymentPostprocessing = 0;
		};
/* End PBXSourcesBuildPhase section */

/* Begin PBXTargetDependency section */
		9836A931163387EC00CFA6BB /* PBXTargetDependency */ = {
			isa = PBXTargetDependency;
			target = 9836A918163387EC00CFA6BB /* terse-objective-c-ios */;
			targetProxy = 9836A930163387EC00CFA6BB /* PBXContainerItemProxy */;
		};
/* End PBXTargetDependency section */

/* Begin PBXVariantGroup section */
		9836A936163387EC00CFA6BB /* InfoPlist.strings */ = {
			isa = PBXVariantGroup;
			children = (
				9836A937163387EC00CFA6BB /* en */,
			);
			name = InfoPlist.strings;
			sourceTree = "<group>";
		};
/* End PBXVariantGroup section */

/* Begin XCBuildConfiguration section */
		9836A93C163387EC00CFA6BB /* Debug */ = {
			isa = XCBuildConfiguration;
			buildSettings = {
				ALWAYS_SEARCH_USER_PATHS = NO;
				CLANG_CXX_LANGUAGE_STANDARD = "gnu++0x";
				CLANG_CXX_LIBRARY = "libc++";
				CLANG_ENABLE_OBJC_ARC = YES;
				CLANG_WARN_EMPTY_BODY = YES;
				CLANG_WARN__DUPLICATE_METHOD_MATCH = YES;
				COPY_PHASE_STRIP = NO;
				GCC_C_LANGUAGE_STANDARD = gnu99;
				GCC_DYNAMIC_NO_PIC = NO;
				GCC_OPTIMIZATION_LEVEL = 0;
				GCC_PREPROCESSOR_DEFINITIONS = (
					"DEBUG=1",
					"$(inherited)",
				);
				GCC_SYMBOLS_PRIVATE_EXTERN = NO;
				GCC_WARN_ABOUT_RETURN_TYPE = YES;
				GCC_WARN_UNINITIALIZED_AUTOS = YES;
				GCC_WARN_UNUSED_VARIABLE = YES;
				IPHONEOS_DEPLOYMENT_TARGET = 6.0;
				ONLY_ACTIVE_ARCH = YES;
				SDKROOT = iphoneos;
			};
			name = Debug;
		};
		9836A93D163387EC00CFA6BB /* Release */ = {
			isa = XCBuildConfiguration;
			buildSettings = {
				ALWAYS_SEARCH_USER_PATHS = NO;
				CLANG_CXX_LANGUAGE_STANDARD = "gnu++0x";
				CLANG_CXX_LIBRARY = "libc++";
				CLANG_ENABLE_OBJC_ARC = YES;
				CLANG_WARN_EMPTY_BODY = YES;
				CLANG_WARN__DUPLICATE_METHOD_MATCH = YES;
				COPY_PHASE_STRIP = YES;
				GCC_C_LANGUAGE_STANDARD = gnu99;
				GCC_WARN_ABOUT_RETURN_TYPE = YES;
				GCC_WARN_UNINITIALIZED_AUTOS = YES;
				GCC_WARN_UNUSED_VARIABLE = YES;
				IPHONEOS_DEPLOYMENT_TARGET = 6.0;
				SDKROOT = iphoneos;
				VALIDATE_PRODUCT = YES;
			};
			name = Release;
		};
		9836A93F163387EC00CFA6BB /* Debug */ = {
			isa = XCBuildConfiguration;
			buildSettings = {
				DSTROOT = /tmp/terse_objective_c_ios.dst;
				EXECUTABLE_PREFIX = "";
				GCC_PRECOMPILE_PREFIX_HEADER = YES;
				GCC_PREFIX_HEADER = "terse-objective-c-ios/terse-objective-c-ios-Prefix.pch";
				OTHER_CODE_SIGN_FLAGS = "-ObjC";
				OTHER_LDFLAGS = "";
				PRODUCT_NAME = "$(TARGET_NAME)";
				SKIP_INSTALL = YES;
			};
			name = Debug;
		};
		9836A940163387EC00CFA6BB /* Release */ = {
			isa = XCBuildConfiguration;
			buildSettings = {
				DSTROOT = /tmp/terse_objective_c_ios.dst;
				EXECUTABLE_PREFIX = "";
				GCC_PRECOMPILE_PREFIX_HEADER = YES;
				GCC_PREFIX_HEADER = "terse-objective-c-ios/terse-objective-c-ios-Prefix.pch";
				OTHER_CODE_SIGN_FLAGS = "-ObjC";
				OTHER_LDFLAGS = "";
				PRODUCT_NAME = "$(TARGET_NAME)";
				SKIP_INSTALL = YES;
			};
			name = Release;
		};
		9836A942163387EC00CFA6BB /* Debug */ = {
			isa = XCBuildConfiguration;
			buildSettings = {
				FRAMEWORK_SEARCH_PATHS = (
					"\"$(SDKROOT)/Developer/Library/Frameworks\"",
					"\"$(DEVELOPER_LIBRARY_DIR)/Frameworks\"",
				);
				GCC_PRECOMPILE_PREFIX_HEADER = YES;
				GCC_PREFIX_HEADER = "terse-objective-c-ios/terse-objective-c-ios-Prefix.pch";
				INFOPLIST_FILE = "terse-objective-c-iosTests/terse-objective-c-iosTests-Info.plist";
				OTHER_LDFLAGS = "-ObjC";
				PRODUCT_NAME = "$(TARGET_NAME)";
				WRAPPER_EXTENSION = octest;
			};
			name = Debug;
		};
		9836A943163387EC00CFA6BB /* Release */ = {
			isa = XCBuildConfiguration;
			buildSettings = {
				FRAMEWORK_SEARCH_PATHS = (
					"\"$(SDKROOT)/Developer/Library/Frameworks\"",
					"\"$(DEVELOPER_LIBRARY_DIR)/Frameworks\"",
				);
				GCC_PRECOMPILE_PREFIX_HEADER = YES;
				GCC_PREFIX_HEADER = "terse-objective-c-ios/terse-objective-c-ios-Prefix.pch";
				INFOPLIST_FILE = "terse-objective-c-iosTests/terse-objective-c-iosTests-Info.plist";
				OTHER_LDFLAGS = "-ObjC";
				PRODUCT_NAME = "$(TARGET_NAME)";
				WRAPPER_EXTENSION = octest;
			};
			name = Release;
		};
/* End XCBuildConfiguration section */

/* Begin XCConfigurationList section */
		9836A913163387EC00CFA6BB /* Build configuration list for PBXProject "terse-objective-c-ios" */ = {
			isa = XCConfigurationList;
			buildConfigurations = (
				9836A93C163387EC00CFA6BB /* Debug */,
				9836A93D163387EC00CFA6BB /* Release */,
			);
			defaultConfigurationIsVisible = 0;
			defaultConfigurationName = Release;
		};
		9836A93E163387EC00CFA6BB /* Build configuration list for PBXNativeTarget "terse-objective-c-ios" */ = {
			isa = XCConfigurationList;
			buildConfigurations = (
				9836A93F163387EC00CFA6BB /* Debug */,
				9836A940163387EC00CFA6BB /* Release */,
			);
			defaultConfigurationIsVisible = 0;
			defaultConfigurationName = Release;
		};
		9836A941163387EC00CFA6BB /* Build configuration list for PBXNativeTarget "terse-objective-c-iosTests" */ = {
			isa = XCConfigurationList;
			buildConfigurations = (
				9836A942163387EC00CFA6BB /* Debug */,
				9836A943163387EC00CFA6BB /* Release */,
			);
			defaultConfigurationIsVisible = 0;
			defaultConfigurationName = Release;
		};
/* End XCConfigurationList section */
	};
	rootObject = 9836A910163387EC00CFA6BB /* Project object */;
}
